
Microsoft Visual Studio Solution File, Format Version 12.00
# Visual Studio 14
VisualStudioVersion = 14.0.25123.0
MinimumVisualStudioVersion = 10.0.40219.1
Project("{2150E333-8FDC-42A3-9474-1A3956D46DE8}") = "src", "src", "{F5952179-4FAB-4A57-9504-44CBC2B0ED3C}"
EndProject
Project("{2150E333-8FDC-42A3-9474-1A3956D46DE8}") = "Solution Items", "Solution Items", "{A4414D3C-F221-4668-A5CC-A42E1901533C}"
	ProjectSection(SolutionItems) = preProject
		global.json = global.json
	EndProjectSection
EndProject
Project("{8BB2217D-0F2D-49D1-97BC-3654ED321F3B}") = "UserMicroservices", "src\UserMicroservices\UserMicroservices.xproj", "{2D4653C1-EE98-481C-9599-0952E36B3D92}"
EndProject
Global
	GlobalSection(SolutionConfigurationPlatforms) = preSolution
		Debug|Any CPU = Debug|Any CPU
		Release|Any CPU = Release|Any CPU
	EndGlobalSection
	GlobalSection(ProjectConfigurationPlatforms) = postSolution
		{2D4653C1-EE98-481C-9599-0952E36B3D92}.Debug|Any CPU.ActiveCfg = Debug|Any CPU
		{2D4653C1-EE98-481C-9599-0952E36B3D92}.Debug|Any CPU.Build.0 = Debug|Any CPU
		{2D4653C1-EE98-481C-9599-0952E36B3D92}.Release|Any CPU.ActiveCfg = Release|Any CPU
		{2D4653C1-EE98-481C-9599-0952E36B3D92}.Release|Any CPU.Build.0 = Release|Any CPU
	EndGlobalSection
	GlobalSection(SolutionProperties) = preSolution
		HideSolutionNode = FALSE
	EndGlobalSection
	GlobalSection(NestedProjects) = preSolution
		{2D4653C1-EE98-481C-9599-0952E36B3D92} = {F5952179-4FAB-4A57-9504-44CBC2B0ED3C}
	EndGlobalSection
EndGlobal
